
Microsoft Visual Studio Solution File, Format Version 12.00
# Visual Studio Version 17
VisualStudioVersion = 17.14.36930.0 d17.14
MinimumVisualStudioVersion = 10.0.40219.1
Project("{FAE04EC0-301F-11D3-BF4B-00C04F79EFBC}") = "WpfApp1", "WpfApp1\WpfApp1.csproj", "{021B85E0-5766-42DE-9E13-2B9E4D2607FB}"
EndProject
Global
	GlobalSection(SolutionConfigurationPlatforms) = preSolution
		Debug|Any CPU = Debug|Any CPU
		Release|Any CPU = Release|Any CPU
	EndGlobalSection
	GlobalSection(ProjectConfigurationPlatforms) = postSolution
		{021B85E0-5766-42DE-9E13-2B9E4D2607FB}.Debug|Any CPU.ActiveCfg = Debug|Any CPU
		{021B85E0-5766-42DE-9E13-2B9E4D2607FB}.Debug|Any CPU.Build.0 = Debug|Any CPU
		{021B85E0-5766-42DE-9E13-2B9E4D2607FB}.Release|Any CPU.ActiveCfg = Release|Any CPU
		{021B85E0-5766-42DE-9E13-2B9E4D2607FB}.Release|Any CPU.Build.0 = Release|Any CPU
	EndGlobalSection
	GlobalSection(SolutionProperties) = preSolution
		HideSolutionNode = FALSE
	EndGlobalSection
	GlobalSection(ExtensibilityGlobals) = postSolution
		SolutionGuid = {15314639-1D44-4305-9B50-DAF7BA4FDAE8}
	EndGlobalSection
EndGlobal
